PODS:
  - CryptoSwift (0.6.9)
  - YJDownloader (0.2.0):
    - CryptoSwift

DEPENDENCIES:
  - CryptoSwift
  - YJDownloader (from `../`)

EXTERNAL SOURCES:
  YJDownloader:
    :path: ../

SPEC CHECKSUMS:
  CryptoSwift: a22f6ba238e9ce4d26ee7bf45b9ed82e7122d4a0
  YJDownloader: 42d780b8ac1e7a2de3734a1acb06efe4a3a3fd29

PODFILE CHECKSUM: bf718f6ac188dcfa88902bf9f5d463b0ad9fcf19

COCOAPODS: 1.2.1
