PODS:
  - CryptoSwift (0.6.9)
  - YJDownloader (0.0.3):
    - CryptoSwift

DEPENDENCIES:
  - CryptoSwift
  - YJDownloader (from `../`)

EXTERNAL SOURCES:
  YJDownloader:
    :path: ../

SPEC CHECKSUMS:
  CryptoSwift: a22f6ba238e9ce4d26ee7bf45b9ed82e7122d4a0
  YJDownloader: 1251e3b02999e529a7acc80eac04c9ad486bac7c

PODFILE CHECKSUM: bf718f6ac188dcfa88902bf9f5d463b0ad9fcf19

COCOAPODS: 1.2.1
